#MicroXplorer Configuration settings - do not modify
ADC1.Channel-0\#ChannelRegularConversion=ADC_CHANNEL_1
ADC1.Channel-1\#ChannelRegularConversion=ADC_CHANNEL_2
ADC1.ClockPrescaler=ADC_CLOCK_ASYNC_DIV4
ADC1.CommonPathInternal=null|null|null|null
ADC1.ContinuousConvMode=ENABLE
ADC1.DMAContinuousRequests=ENABLE
ADC1.IPParameters=Rank-0\#ChannelRegularConversion,Channel-0\#ChannelRegularConversion,SamplingTime-0\#ChannelRegularConversion,OffsetNumber-0\#ChannelRegularConversion,NbrOfConversionFlag,ContinuousConvMode,OversamplingMode,Overrun,Rank-1\#ChannelRegularConversion,Channel-1\#ChannelRegularConversion,SamplingTime-1\#ChannelRegularConversion,OffsetNumber-1\#ChannelRegularConversion,NbrOfConversion,master,ClockPrescaler,DMAContinuousRequests,CommonPathInternal
ADC1.NbrOfConversion=2
ADC1.NbrOfConversionFlag=1
ADC1.OffsetNumber-0\#ChannelRegularConversion=ADC_OFFSET_NONE
ADC1.OffsetNumber-1\#ChannelRegularConversion=ADC_OFFSET_NONE
ADC1.Overrun=ADC_OVR_DATA_OVERWRITTEN
ADC1.OversamplingMode=DISABLE
ADC1.Rank-0\#ChannelRegularConversion=1
ADC1.Rank-1\#ChannelRegularConversion=2
ADC1.SamplingTime-0\#ChannelRegularConversion=ADC_SAMPLETIME_640CYCLES_5
ADC1.SamplingTime-1\#ChannelRegularConversion=ADC_SAMPLETIME_640CYCLES_5
ADC1.master=1
CAD.formats=
CAD.pinconfig=
CAD.provider=
Dma.ADC1.0.Direction=DMA_PERIPH_TO_MEMORY
Dma.ADC1.0.EventEnable=DISABLE
Dma.ADC1.0.Instance=DMA1_Channel2
Dma.ADC1.0.MemDataAlignment=DMA_MDATAALIGN_HALFWORD
Dma.ADC1.0.MemInc=DMA_MINC_ENABLE
Dma.ADC1.0.Mode=DMA_CIRCULAR
Dma.ADC1.0.PeriphDataAlignment=DMA_PDATAALIGN_HALFWORD
Dma.ADC1.0.PeriphInc=DMA_PINC_DISABLE
Dma.ADC1.0.Polarity=HAL_DMAMUX_REQ_GEN_RISING
Dma.ADC1.0.Priority=DMA_PRIORITY_LOW
Dma.ADC1.0.RequestNumber=1
Dma.ADC1.0.RequestParameters=Instance,Direction,PeriphInc,MemInc,PeriphDataAlignment,MemDataAlignment,Mode,Priority,SignalID,Polarity,RequestNumber,SyncSignalID,SyncPolarity,SyncEnable,EventEnable,SyncRequestNumber
Dma.ADC1.0.SignalID=NONE
Dma.ADC1.0.SyncEnable=DISABLE
Dma.ADC1.0.SyncPolarity=HAL_DMAMUX_SYNC_NO_EVENT
Dma.ADC1.0.SyncRequestNumber=1
Dma.ADC1.0.SyncSignalID=NONE
Dma.Request0=ADC1
Dma.Request1=SAI1_B
Dma.RequestsNb=2
Dma.SAI1_B.1.Direction=DMA_MEMORY_TO_PERIPH
Dma.SAI1_B.1.EventEnable=DISABLE
Dma.SAI1_B.1.Instance=DMA1_Channel1
Dma.SAI1_B.1.MemDataAlignment=DMA_MDATAALIGN_HALFWORD
Dma.SAI1_B.1.MemInc=DMA_MINC_ENABLE
Dma.SAI1_B.1.Mode=DMA_CIRCULAR
Dma.SAI1_B.1.PeriphDataAlignment=DMA_PDATAALIGN_HALFWORD
Dma.SAI1_B.1.PeriphInc=DMA_PINC_DISABLE
Dma.SAI1_B.1.Polarity=HAL_DMAMUX_REQ_GEN_RISING
Dma.SAI1_B.1.Priority=DMA_PRIORITY_LOW
Dma.SAI1_B.1.RequestNumber=1
Dma.SAI1_B.1.RequestParameters=Instance,Direction,PeriphInc,MemInc,PeriphDataAlignment,MemDataAlignment,Mode,Priority,SignalID,Polarity,RequestNumber,SyncSignalID,SyncPolarity,SyncEnable,EventEnable,SyncRequestNumber
Dma.SAI1_B.1.SignalID=NONE
Dma.SAI1_B.1.SyncEnable=DISABLE
Dma.SAI1_B.1.SyncPolarity=HAL_DMAMUX_SYNC_NO_EVENT
Dma.SAI1_B.1.SyncRequestNumber=1
Dma.SAI1_B.1.SyncSignalID=NONE
File.Version=6
GPIO.groupedBy=Group By Peripherals
I2C2.I2C_Speed_Mode=I2C_Fast
I2C2.IPParameters=Timing,I2C_Speed_Mode
I2C2.Timing=0x40200F35
KeepUserPlacement=false
Mcu.CPN=STM32G491CET6
Mcu.Family=STM32G4
Mcu.IP0=ADC1
Mcu.IP1=DMA
Mcu.IP10=USB_DEVICE
Mcu.IP2=I2C2
Mcu.IP3=NVIC
Mcu.IP4=QUADSPI1
Mcu.IP5=RCC
Mcu.IP6=SAI1
Mcu.IP7=SYS
Mcu.IP8=TIM6
Mcu.IP9=USB
Mcu.IPNb=11
Mcu.Name=STM32G491C(C-E)Tx
Mcu.Package=LQFP48
Mcu.Pin0=PC13
Mcu.Pin1=PC14-OSC32_IN
Mcu.Pin10=PB1
Mcu.Pin11=PB10
Mcu.Pin12=PB11
Mcu.Pin13=PB12
Mcu.Pin14=PA8
Mcu.Pin15=PA9
Mcu.Pin16=PA11
Mcu.Pin17=PA12
Mcu.Pin18=PA13
Mcu.Pin19=PA14
Mcu.Pin2=PC15-OSC32_OUT
Mcu.Pin20=PA15
Mcu.Pin21=PB3
Mcu.Pin22=PB4
Mcu.Pin23=PB5
Mcu.Pin24=PB6
Mcu.Pin25=PB7
Mcu.Pin26=PB9
Mcu.Pin27=VP_SYS_VS_Systick
Mcu.Pin28=VP_SYS_VS_DBSignals
Mcu.Pin29=VP_TIM6_VS_ClockSourceINT
Mcu.Pin3=PF0-OSC_IN
Mcu.Pin30=VP_USB_DEVICE_VS_USB_DEVICE_DFU_FS
Mcu.Pin4=PA0
Mcu.Pin5=PA1
Mcu.Pin6=PA3
Mcu.Pin7=PA6
Mcu.Pin8=PA7
Mcu.Pin9=PB0
Mcu.PinsNb=31
Mcu.ThirdPartyNb=0
Mcu.UserConstants=
Mcu.UserName=STM32G491CETx
MxCube.Version=6.10.0
MxDb.Version=DB.6.0.100
NVIC.ADC1_2_IRQn=true\:8\:0\:true\:false\:true\:true\:true\:true
NVIC.BusFault_IRQn=true\:0\:0\:false\:false\:true\:false\:false\:false
NVIC.DMA1_Channel1_IRQn=true\:0\:0\:false\:false\:true\:false\:true\:true
NVIC.DMA1_Channel2_IRQn=true\:4\:0\:true\:false\:true\:false\:true\:true
NVIC.DebugMonitor_IRQn=true\:0\:0\:false\:false\:true\:false\:false\:false
NVIC.ForceEnableDMAVector=true
NVIC.HardFault_IRQn=true\:0\:0\:false\:false\:true\:false\:false\:false
NVIC.MemoryManagement_IRQn=true\:0\:0\:false\:false\:true\:false\:false\:false
NVIC.NonMaskableInt_IRQn=true\:0\:0\:false\:false\:true\:false\:false\:false
NVIC.PendSV_IRQn=true\:0\:0\:false\:false\:true\:false\:false\:false
NVIC.PriorityGroup=NVIC_PRIORITYGROUP_4
NVIC.SAI1_IRQn=true\:2\:0\:true\:false\:true\:true\:true\:true
NVIC.SVCall_IRQn=true\:0\:0\:false\:false\:true\:false\:false\:false
NVIC.SysTick_IRQn=true\:15\:0\:true\:false\:true\:false\:true\:false
NVIC.TIM6_DAC_IRQn=true\:8\:0\:true\:false\:true\:true\:true\:true
NVIC.USB_HP_IRQn=true\:0\:0\:false\:false\:true\:true\:true\:true
NVIC.USB_LP_IRQn=true\:3\:0\:true\:false\:true\:true\:true\:true
NVIC.UsageFault_IRQn=true\:0\:0\:false\:false\:true\:false\:false\:false
PA0.Locked=true
PA0.Signal=SharedAnalog_PA0
PA1.Locked=true
PA1.Signal=SharedAnalog_PA1
PA11.Mode=Device
PA11.Signal=USB_DM
PA12.Mode=Device
PA12.Signal=USB_DP
PA13.Mode=Serial_Wire
PA13.Signal=SYS_JTMS-SWDIO
PA14.Mode=Serial_Wire
PA14.Signal=SYS_JTCK-SWCLK
PA15.GPIOParameters=GPIO_Label
PA15.GPIO_Label=CODEC_RST
PA15.Locked=true
PA15.Signal=GPIO_Output
PA3.GPIOParameters=GPIO_Speed
PA3.GPIO_Speed=GPIO_SPEED_FREQ_VERY_HIGH
PA3.Mode=Single Bank 1
PA3.Signal=QUADSPI1_CLK
PA6.GPIOParameters=GPIO_Speed
PA6.GPIO_Speed=GPIO_SPEED_FREQ_VERY_HIGH
PA6.Mode=Single Bank 1
PA6.Signal=QUADSPI1_BK1_IO3
PA7.GPIOParameters=GPIO_Speed
PA7.GPIO_Speed=GPIO_SPEED_FREQ_VERY_HIGH
PA7.Mode=Single Bank 1
PA7.Signal=QUADSPI1_BK1_IO2
PA8.Mode=I2C
PA8.Signal=I2C2_SDA
PA9.Mode=I2C
PA9.Signal=I2C2_SCL
PB0.GPIOParameters=GPIO_Speed
PB0.GPIO_Speed=GPIO_SPEED_FREQ_VERY_HIGH
PB0.Mode=Single Bank 1
PB0.Signal=QUADSPI1_BK1_IO1
PB1.GPIOParameters=GPIO_Speed
PB1.GPIO_Speed=GPIO_SPEED_FREQ_VERY_HIGH
PB1.Mode=Single Bank 1
PB1.Signal=QUADSPI1_BK1_IO0
PB10.GPIOParameters=GPIO_PuPd,GPIO_Label
PB10.GPIO_Label=USER_SW
PB10.GPIO_PuPd=GPIO_PULLUP
PB10.Locked=true
PB10.Signal=GPIO_Input
PB11.GPIOParameters=GPIO_Speed
PB11.GPIO_Speed=GPIO_SPEED_FREQ_VERY_HIGH
PB11.Locked=true
PB11.Mode=Single Bank 1
PB11.Signal=QUADSPI1_BK1_NCS
PB12.GPIOParameters=GPIO_Label
PB12.GPIO_Label=USER_LED
PB12.Locked=true
PB12.Signal=GPIO_Output
PB3.GPIOParameters=GPIO_Speed
PB3.GPIO_Speed=GPIO_SPEED_FREQ_VERY_HIGH
PB3.Mode=SAI_B_MasterWithClock
PB3.Signal=SAI1_SCK_B
PB4.GPIOParameters=GPIO_Speed
PB4.GPIO_Speed=GPIO_SPEED_FREQ_VERY_HIGH
PB4.Mode=SAI_B_MasterWithClock
PB4.Signal=SAI1_MCLK_B
PB5.GPIOParameters=GPIO_Speed
PB5.GPIO_Speed=GPIO_SPEED_FREQ_VERY_HIGH
PB5.Mode=SAI_B_MasterWithClock
PB5.Signal=SAI1_SD_B
PB6.GPIOParameters=GPIO_Speed,GPIO_FM6
PB6.GPIO_FM6=__NULL
PB6.GPIO_Speed=GPIO_SPEED_FREQ_VERY_HIGH
PB6.Locked=true
PB6.Mode=SAI_B_MasterWithClock
PB6.Signal=SAI1_FS_B
PB7.GPIOParameters=GPIO_Speed,GPIO_Label
PB7.GPIO_Label=HC165_SL
PB7.GPIO_Speed=GPIO_SPEED_FREQ_HIGH
PB7.Locked=true
PB7.Signal=GPIO_Output
PB9.GPIOParameters=GPIO_Label
PB9.GPIO_Label=HC165_QH
PB9.Locked=true
PB9.Signal=GPIO_Input
PC13.GPIOParameters=GPIO_Label
PC13.GPIO_Label=HC164_CLK
PC13.Locked=true
PC13.Signal=GPIO_Output
PC14-OSC32_IN.GPIOParameters=GPIO_Label
PC14-OSC32_IN.GPIO_Label=HC164_A
PC14-OSC32_IN.Locked=true
PC14-OSC32_IN.Signal=GPIO_Output
PC15-OSC32_OUT.GPIOParameters=GPIO_Label
PC15-OSC32_OUT.GPIO_Label=HC165_CLK
PC15-OSC32_OUT.Locked=true
PC15-OSC32_OUT.Signal=GPIO_Output
PF0-OSC_IN.Mode=HSE-External-Clock-Source
PF0-OSC_IN.Signal=RCC_OSC_IN
PinOutPanel.RotationAngle=0
ProjectManager.AskForMigrate=true
ProjectManager.BackupPrevious=false
ProjectManager.CompilerOptimize=6
ProjectManager.ComputerToolchain=false
ProjectManager.CoupleFile=true
ProjectManager.CustomerFirmwarePackage=
ProjectManager.DefaultFWLocation=true
ProjectManager.DeletePrevious=true
ProjectManager.DeviceId=STM32G491CETx
ProjectManager.FirmwarePackage=STM32Cube FW_G4 V1.5.1
ProjectManager.FreePins=false
ProjectManager.HalAssertFull=false
ProjectManager.HeapSize=0x200
ProjectManager.KeepUserCode=true
ProjectManager.LastFirmware=true
ProjectManager.LibraryCopy=1
ProjectManager.MainLocation=Core/Src
ProjectManager.MultiThreaded=true
ProjectManager.NoMain=false
ProjectManager.PreviousToolchain=STM32CubeIDE
ProjectManager.ProjectBuild=false
ProjectManager.ProjectFileName=C4NDY_BTL.ioc
ProjectManager.ProjectName=C4NDY_BTL
ProjectManager.ProjectStructure=
ProjectManager.RegisterCallBack=
ProjectManager.StackSize=0x400
ProjectManager.TargetToolchain=STM32CubeIDE
ProjectManager.ThreadSafeStrategy=Cortex-M4NS\:GenericStrategy2,
ProjectManager.ToolChainLocation=
ProjectManager.UAScriptAfterPath=
ProjectManager.UAScriptBeforePath=
ProjectManager.UnderRoot=true
ProjectManager.functionlistsort=1-SystemClock_Config-RCC-false-HAL-false,2-MX_GPIO_Init-GPIO-false-HAL-true,3-MX_DMA_Init-DMA-false-HAL-true,4-MX_SAI1_Init-SAI1-false-HAL-true,5-MX_QUADSPI1_Init-QUADSPI1-false-HAL-true,6-MX_I2C2_Init-I2C2-false-HAL-true,7-MX_ADC1_Init-ADC1-false-HAL-true,8-MX_TIM6_Init-TIM6-false-HAL-true,9-MX_USB_Device_Init-USB_DEVICE-false-HAL-false
QUADSPI1.ClockMode=QSPI_CLOCK_MODE_0
QUADSPI1.ClockPrescaler=1
QUADSPI1.FifoThreshold=4
QUADSPI1.FlashSize=10
QUADSPI1.IPParameters=ClockPrescaler,FlashSize,ClockMode,SampleShifting,FifoThreshold
QUADSPI1.SampleShifting=QSPI_SAMPLE_SHIFTING_NONE
RCC.ADC12Freq_Value=147456000
RCC.ADC345Freq_Value=147456000
RCC.AHBFreq_Value=147456000
RCC.APB1Freq_Value=147456000
RCC.APB1TimFreq_Value=147456000
RCC.APB2Freq_Value=147456000
RCC.APB2TimFreq_Value=147456000
RCC.CRSFreq_Value=48000000
RCC.CortexFreq_Value=147456000
RCC.EXTERNAL_CLOCK_VALUE=12288000
RCC.FCLKCortexFreq_Value=147456000
RCC.FDCANFreq_Value=147456000
RCC.FamilyName=M
RCC.HCLKFreq_Value=147456000
RCC.HRTIM1Freq_Value=147456000
RCC.HSE_VALUE=12288000
RCC.HSI48_VALUE=48000000
RCC.HSI_VALUE=16000000
RCC.I2C1Freq_Value=147456000
RCC.I2C2Freq_Value=147456000
RCC.I2C3Freq_Value=147456000
RCC.I2SFreq_Value=147456000
RCC.IPParameters=ADC12Freq_Value,ADC345Freq_Value,AHBFreq_Value,APB1Freq_Value,APB1TimFreq_Value,APB2Freq_Value,APB2TimFreq_Value,CRSFreq_Value,CortexFreq_Value,EXTERNAL_CLOCK_VALUE,FCLKCortexFreq_Value,FDCANFreq_Value,FamilyName,HCLKFreq_Value,HRTIM1Freq_Value,HSE_VALUE,HSI48_VALUE,HSI_VALUE,I2C1Freq_Value,I2C2Freq_Value,I2C3Freq_Value,I2SFreq_Value,LPTIM1Freq_Value,LPUART1Freq_Value,LSCOPinFreq_Value,LSE_VALUE,LSI_VALUE,MCO1PinFreq_Value,PLLN,PLLPoutputFreq_Value,PLLQ,PLLQoutputFreq_Value,PLLRCLKFreq_Value,PLLSourceVirtual,PWRFreq_Value,PWR_Regulator_Voltage_Scale,QSPIFreq_Value,RNGFreq_Value,SAI1CLockSelection,SAI1Freq_Value,SYSCLKFreq_VALUE,SYSCLKSource,USART1Freq_Value,USART2Freq_Value,USART3Freq_Value,USBFreq_Value,VCOInputFreq_Value,VCOOutputFreq_Value
RCC.LPTIM1Freq_Value=147456000
RCC.LPUART1Freq_Value=147456000
RCC.LSCOPinFreq_Value=32000
RCC.LSE_VALUE=32768
RCC.LSI_VALUE=32000
RCC.MCO1PinFreq_Value=16000000
RCC.PLLN=24
RCC.PLLPoutputFreq_Value=147456000
RCC.PLLQ=RCC_PLLQ_DIV6
RCC.PLLQoutputFreq_Value=49152000
RCC.PLLRCLKFreq_Value=147456000
RCC.PLLSourceVirtual=RCC_PLLSOURCE_HSE
RCC.PWRFreq_Value=147456000
RCC.PWR_Regulator_Voltage_Scale=PWR_REGULATOR_VOLTAGE_SCALE1_BOOST
RCC.QSPIFreq_Value=147456000
RCC.RNGFreq_Value=48000000
RCC.SAI1CLockSelection=RCC_SAI1CLKSOURCE_PLL
RCC.SAI1Freq_Value=49152000
RCC.SYSCLKFreq_VALUE=147456000
RCC.SYSCLKSource=RCC_SYSCLKSOURCE_PLLCLK
RCC.USART1Freq_Value=147456000
RCC.USART2Freq_Value=147456000
RCC.USART3Freq_Value=147456000
RCC.USBFreq_Value=48000000
RCC.VCOInputFreq_Value=12288000
RCC.VCOOutputFreq_Value=294912000
SAI1.ActiveFrameLength-SAI_B_MasterWithClock=16
SAI1.AudioFrequency-SAI_B_MasterWithClock=SAI_AUDIO_FREQUENCY_MCKDIV
SAI1.DataSize-SAI_B_MasterWithClock=SAI_DATASIZE_16
SAI1.FIFOThreshold-SAI_B_MasterWithClock=SAI_FIFOTHRESHOLD_HF
SAI1.FirstBitOffset-SAI_B_MasterWithClock=0
SAI1.FrameLength-SAI_B_MasterWithClock=32
SAI1.IPParameters=Instance-SAI_B_MasterWithClock,VirtualMode-SAI_B_MasterWithClock,MckOutput-SAI_B_MasterWithClock,AudioFrequency-SAI_B_MasterWithClock,FIFOThreshold-SAI_B_MasterWithClock,MckOverSampling-SAI_B_MasterWithClock,MonoStereoMode-SAI_B_MasterWithClock,NoDivider-SAI_B_MasterWithClock,FrameLength-SAI_B_MasterWithClock,DataSize-SAI_B_MasterWithClock,ActiveFrameLength-SAI_B_MasterWithClock,SlotNumber-SAI_B_MasterWithClock,VirtualSlotActive-SAI_B_MasterWithClock,SlotActive-SAI_B_MasterWithClock,Mckdiv-SAI_B_MasterWithClock,FirstBitOffset-SAI_B_MasterWithClock
SAI1.Instance-SAI_B_MasterWithClock=SAI$Index_Block_B
SAI1.MckOutput-SAI_B_MasterWithClock=SAI_MCK_OUTPUT_ENABLE
SAI1.MckOverSampling-SAI_B_MasterWithClock=SAI_MCK_OVERSAMPLING_DISABLE
SAI1.Mckdiv-SAI_B_MasterWithClock=4
SAI1.MonoStereoMode-SAI_B_MasterWithClock=SAI_STEREOMODE
SAI1.NoDivider-SAI_B_MasterWithClock=SAI_MASTERDIVIDER_ENABLE
SAI1.SlotActive-SAI_B_MasterWithClock=0x0000FFFF
SAI1.SlotNumber-SAI_B_MasterWithClock=2
SAI1.VirtualMode-SAI_B_MasterWithClock=VM_MASTER
SAI1.VirtualSlotActive-SAI_B_MasterWithClock=SAI_SLOTACTIVE_ALL
SH.SharedAnalog_PA0.0=GPIO_Analog
SH.SharedAnalog_PA0.1=ADC1_IN1,IN1-Single-Ended
SH.SharedAnalog_PA0.ConfNb=2
SH.SharedAnalog_PA1.0=GPIO_Analog
SH.SharedAnalog_PA1.1=ADC1_IN2,IN2-Single-Ended
SH.SharedAnalog_PA1.ConfNb=2
TIM6.IPParameters=Prescaler,PeriodNoDither
TIM6.PeriodNoDither=20-1
TIM6.Prescaler=32768-1
USB.IPParameters=Sof_enable
USB.Sof_enable=ENABLE
USB_DEVICE.CLASS_NAME_FS=DFU
USB_DEVICE.IPParameters=VirtualMode,VirtualModeFS,CLASS_NAME_FS,USBD_DFU_XFER_SIZE,USBD_DFU_APP_DEFAULT_ADD,USBD_DFU_MEDIA,PRODUCT_STRING_DFU_FS,VID,PID_DFU_FS,MANUFACTURER_STRING
USB_DEVICE.MANUFACTURER_STRING=Yamamoto Works Ltd.
USB_DEVICE.PID_DFU_FS=0x0001
USB_DEVICE.PRODUCT_STRING_DFU_FS=C4NDY DFU Bootloader
USB_DEVICE.USBD_DFU_APP_DEFAULT_ADD=0x08020000
USB_DEVICE.USBD_DFU_MEDIA=@Internal Flash   /0x08000000/64*02Ka,192*02Kg
USB_DEVICE.USBD_DFU_XFER_SIZE=1024
USB_DEVICE.VID=0x31BF
USB_DEVICE.VirtualMode=Dfu
USB_DEVICE.VirtualModeFS=Dfu_FS
VP_SYS_VS_DBSignals.Mode=DisableDeadBatterySignals
VP_SYS_VS_DBSignals.Signal=SYS_VS_DBSignals
VP_SYS_VS_Systick.Mode=SysTick
VP_SYS_VS_Systick.Signal=SYS_VS_Systick
VP_TIM6_VS_ClockSourceINT.Mode=Enable_Timer
VP_TIM6_VS_ClockSourceINT.Signal=TIM6_VS_ClockSourceINT
VP_USB_DEVICE_VS_USB_DEVICE_DFU_FS.Mode=DFU_FS
VP_USB_DEVICE_VS_USB_DEVICE_DFU_FS.Signal=USB_DEVICE_VS_USB_DEVICE_DFU_FS
board=custom
isbadioc=false
